// !$*UTF8*$!
{
	archiveVersion = 1;
	classes = {
	};
	objectVersion = 48;
	objects = {

/* Begin PBXBuildFile section */
		ECD28D6120C2031E00C3FEF9 /* AppDelegate.swift in Sources */ = {isa = PBXBuildFile; fileRef = ECD28D6020C2031E00C3FEF9 /* AppDelegate.swift */; };
		ECD28D6320C2031E00C3FEF9 /* ViewController.swift in Sources */ = {isa = PBXBuildFile; fileRef = ECD28D6220C2031E00C3FEF9 /* ViewController.swift */; };
		ECD28D6620C2031E00C3FEF9 /* Main.storyboard in Resources */ = {isa = PBXBuildFile; fileRef = ECD28D6420C2031E00C3FEF9 /* Main.storyboard */; };
		ECD28D6820C2031E00C3FEF9 /* Assets.xcassets in Resources */ = {isa = PBXBuildFile; fileRef = ECD28D6720C2031E00C3FEF9 /* Assets.xcassets */; };
		ECD28D6B20C2031E00C3FEF9 /* LaunchScreen.storyboard in Resources */ = {isa = PBXBuildFile; fileRef = ECD28D6920C2031E00C3FEF9 /* LaunchScreen.storyboard */; };
		ECD28D7620C2031E00C3FEF9 /* OpenWeatherAppTests.swift in Sources */ = {isa = PBXBuildFile; fileRef = ECD28D7520C2031E00C3FEF9 /* OpenWeatherAppTests.swift */; };
		ECD28D8120C2031E00C3FEF9 /* OpenWeatherAppUITests.swift in Sources */ = {isa = PBXBuildFile; fileRef = ECD28D8020C2031E00C3FEF9 /* OpenWeatherAppUITests.swift */; };
		ECD28D9020C48E4000C3FEF9 /* CoreLocation.framework in Frameworks */ = {isa = PBXBuildFile; fileRef = ECD28D8F20C48E4000C3FEF9 /* CoreLocation.framework */; };
		ECD28D9320C49FE400C3FEF9 /* Weather.swift in Sources */ = {isa = PBXBuildFile; fileRef = ECD28D9220C49FE400C3FEF9 /* Weather.swift */; };
		ECD28D9520C4A90400C3FEF9 /* Temperature.swift in Sources */ = {isa = PBXBuildFile; fileRef = ECD28D9420C4A90400C3FEF9 /* Temperature.swift */; };
		ECD28D9720C4A9A900C3FEF9 /* Wind.swift in Sources */ = {isa = PBXBuildFile; fileRef = ECD28D9620C4A9A900C3FEF9 /* Wind.swift */; };
/* End PBXBuildFile section */

/* Begin PBXContainerItemProxy section */
		ECD28D7220C2031E00C3FEF9 /* PBXContainerItemProxy */ = {
			isa = PBXContainerItemProxy;
			containerPortal = ECD28D5520C2031E00C3FEF9 /* Project object */;
			proxyType = 1;
			remoteGlobalIDString = ECD28D5C20C2031E00C3FEF9;
			remoteInfo = OpenWeatherApp;
		};
		ECD28D7D20C2031E00C3FEF9 /* PBXContainerItemProxy */ = {
			isa = PBXContainerItemProxy;
			containerPortal = ECD28D5520C2031E00C3FEF9 /* Project object */;
			proxyType = 1;
			remoteGlobalIDString = ECD28D5C20C2031E00C3FEF9;
			remoteInfo = OpenWeatherApp;
		};
/* End PBXContainerItemProxy section */

/* Begin PBXFileReference section */
		ECD28D5D20C2031E00C3FEF9 /* OpenWeatherApp.app */ = {isa = PBXFileReference; explicitFileType = wrapper.application; includeInIndex = 0; path = OpenWeatherApp.app; sourceTree = BUILT_PRODUCTS_DIR; };
		ECD28D6020C2031E00C3FEF9 /* AppDelegate.swift */ = {isa = PBXFileReference; lastKnownFileType = sourcecode.swift; path = AppDelegate.swift; sourceTree = "<group>"; };
		ECD28D6220C2031E00C3FEF9 /* ViewController.swift */ = {isa = PBXFileReference; lastKnownFileType = sourcecode.swift; path = ViewController.swift; sourceTree = "<group>"; };
		ECD28D6520C2031E00C3FEF9 /* Base */ = {isa = PBXFileReference; lastKnownFileType = file.storyboard; name = Base; path = Base.lproj/Main.storyboard; sourceTree = "<group>"; };
		ECD28D6720C2031E00C3FEF9 /* Assets.xcassets */ = {isa = PBXFileReference; lastKnownFileType = folder.assetcatalog; path = Assets.xcassets; sourceTree = "<group>"; };
		ECD28D6A20C2031E00C3FEF9 /* Base */ = {isa = PBXFileReference; lastKnownFileType = file.storyboard; name = Base; path = Base.lproj/LaunchScreen.storyboard; sourceTree = "<group>"; };
		ECD28D6C20C2031E00C3FEF9 /* Info.plist */ = {isa = PBXFileReference; lastKnownFileType = text.plist.xml; path = Info.plist; sourceTree = "<group>"; };
		ECD28D7120C2031E00C3FEF9 /* OpenWeatherAppTests.xctest */ = {isa = PBXFileReference; explicitFileType = wrapper.cfbundle; includeInIndex = 0; path = OpenWeatherAppTests.xctest; sourceTree = BUILT_PRODUCTS_DIR; };
		ECD28D7520C2031E00C3FEF9 /* OpenWeatherAppTests.swift */ = {isa = PBXFileReference; lastKnownFileType = sourcecode.swift; path = OpenWeatherAppTests.swift; sourceTree = "<group>"; };
		ECD28D7720C2031E00C3FEF9 /* Info.plist */ = {isa = PBXFileReference; lastKnownFileType = text.plist.xml; path = Info.plist; sourceTree = "<group>"; };
		ECD28D7C20C2031E00C3FEF9 /* OpenWeatherAppUITests.xctest */ = {isa = PBXFileReference; explicitFileType = wrapper.cfbundle; includeInIndex = 0; path = OpenWeatherAppUITests.xctest; sourceTree = BUILT_PRODUCTS_DIR; };
		ECD28D8020C2031E00C3FEF9 /* OpenWeatherAppUITests.swift */ = {isa = PBXFileReference; lastKnownFileType = sourcecode.swift; path = OpenWeatherAppUITests.swift; sourceTree = "<group>"; };
		ECD28D8220C2031E00C3FEF9 /* Info.plist */ = {isa = PBXFileReference; lastKnownFileType = text.plist.xml; path = Info.plist; sourceTree = "<group>"; };
		ECD28D8F20C48E4000C3FEF9 /* CoreLocation.framework */ = {isa = PBXFileReference; lastKnownFileType = wrapper.framework; name = CoreLocation.framework; path = System/Library/Frameworks/CoreLocation.framework; sourceTree = SDKROOT; };
		ECD28D9220C49FE400C3FEF9 /* Weather.swift */ = {isa = PBXFileReference; lastKnownFileType = sourcecode.swift; path = Weather.swift; sourceTree = "<group>"; };
		ECD28D9420C4A90400C3FEF9 /* Temperature.swift */ = {isa = PBXFileReference; lastKnownFileType = sourcecode.swift; path = Temperature.swift; sourceTree = "<group>"; };
		ECD28D9620C4A9A900C3FEF9 /* Wind.swift */ = {isa = PBXFileReference; lastKnownFileType = sourcecode.swift; path = Wind.swift; sourceTree = "<group>"; };
/* End PBXFileReference section */

/* Begin PBXFrameworksBuildPhase section */
		ECD28D5A20C2031E00C3FEF9 /* Frameworks */ = {
			isa = PBXFrameworksBuildPhase;
			buildActionMask = 2147483647;
			files = (
				ECD28D9020C48E4000C3FEF9 /* CoreLocation.framework in Frameworks */,
			);
			runOnlyForDeploymentPostprocessing = 0;
		};
		ECD28D6E20C2031E00C3FEF9 /* Frameworks */ = {
			isa = PBXFrameworksBuildPhase;
			buildActionMask = 2147483647;
			files = (
			);
			runOnlyForDeploymentPostprocessing = 0;
		};
		ECD28D7920C2031E00C3FEF9 /* Frameworks */ = {
			isa = PBXFrameworksBuildPhase;
			buildActionMask = 2147483647;
			files = (
			);
			runOnlyForDeploymentPostprocessing = 0;
		};
/* End PBXFrameworksBuildPhase section */

/* Begin PBXGroup section */
		ECD28D5420C2031E00C3FEF9 = {
			isa = PBXGroup;
			children = (
				ECD28D5F20C2031E00C3FEF9 /* OpenWeatherApp */,
				ECD28D7420C2031E00C3FEF9 /* OpenWeatherAppTests */,
				ECD28D7F20C2031E00C3FEF9 /* OpenWeatherAppUITests */,
				ECD28D5E20C2031E00C3FEF9 /* Products */,
				ECD28D8E20C48E4000C3FEF9 /* Frameworks */,
			);
			sourceTree = "<group>";
		};
		ECD28D5E20C2031E00C3FEF9 /* Products */ = {
			isa = PBXGroup;
			children = (
				ECD28D5D20C2031E00C3FEF9 /* OpenWeatherApp.app */,
				ECD28D7120C2031E00C3FEF9 /* OpenWeatherAppTests.xctest */,
				ECD28D7C20C2031E00C3FEF9 /* OpenWeatherAppUITests.xctest */,
			);
			name = Products;
			sourceTree = "<group>";
		};
		ECD28D5F20C2031E00C3FEF9 /* OpenWeatherApp */ = {
			isa = PBXGroup;
			children = (
				ECD28D6020C2031E00C3FEF9 /* AppDelegate.swift */,
				ECD28D6220C2031E00C3FEF9 /* ViewController.swift */,
				ECD28D9120C49FBE00C3FEF9 /* Model */,
				ECD28D6420C2031E00C3FEF9 /* Main.storyboard */,
				ECD28D6720C2031E00C3FEF9 /* Assets.xcassets */,
				ECD28D6920C2031E00C3FEF9 /* LaunchScreen.storyboard */,
				ECD28D6C20C2031E00C3FEF9 /* Info.plist */,
			);
			path = OpenWeatherApp;
			sourceTree = "<group>";
		};
		ECD28D7420C2031E00C3FEF9 /* OpenWeatherAppTests */ = {
			isa = PBXGroup;
			children = (
				ECD28D7520C2031E00C3FEF9 /* OpenWeatherAppTests.swift */,
				ECD28D7720C2031E00C3FEF9 /* Info.plist */,
			);
			path = OpenWeatherAppTests;
			sourceTree = "<group>";
		};
		ECD28D7F20C2031E00C3FEF9 /* OpenWeatherAppUITests */ = {
			isa = PBXGroup;
			children = (
				ECD28D8020C2031E00C3FEF9 /* OpenWeatherAppUITests.swift */,
				ECD28D8220C2031E00C3FEF9 /* Info.plist */,
			);
			path = OpenWeatherAppUITests;
			sourceTree = "<group>";
		};
		ECD28D8E20C48E4000C3FEF9 /* Frameworks */ = {
			isa = PBXGroup;
			children = (
				ECD28D8F20C48E4000C3FEF9 /* CoreLocation.framework */,
			);
			name = Frameworks;
			sourceTree = "<group>";
		};
		ECD28D9120C49FBE00C3FEF9 /* Model */ = {
			isa = PBXGroup;
			children = (
				ECD28D9220C49FE400C3FEF9 /* Weather.swift */,
				ECD28D9420C4A90400C3FEF9 /* Temperature.swift */,
				ECD28D9620C4A9A900C3FEF9 /* Wind.swift */,
			);
			path = Model;
			sourceTree = "<group>";
		};
/* End PBXGroup section */

/* Begin PBXNativeTarget section */
		ECD28D5C20C2031E00C3FEF9 /* OpenWeatherApp */ = {
			isa = PBXNativeTarget;
			buildConfigurationList = ECD28D8520C2031E00C3FEF9 /* Build configuration list for PBXNativeTarget "OpenWeatherApp" */;
			buildPhases = (
				ECD28D5920C2031E00C3FEF9 /* Sources */,
				ECD28D5A20C2031E00C3FEF9 /* Frameworks */,
				ECD28D5B20C2031E00C3FEF9 /* Resources */,
			);
			buildRules = (
			);
			dependencies = (
			);
			name = OpenWeatherApp;
			productName = OpenWeatherApp;
			productReference = ECD28D5D20C2031E00C3FEF9 /* OpenWeatherApp.app */;
			productType = "com.apple.product-type.application";
		};
		ECD28D7020C2031E00C3FEF9 /* OpenWeatherAppTests */ = {
			isa = PBXNativeTarget;
			buildConfigurationList = ECD28D8820C2031E00C3FEF9 /* Build configuration list for PBXNativeTarget "OpenWeatherAppTests" */;
			buildPhases = (
				ECD28D6D20C2031E00C3FEF9 /* Sources */,
				ECD28D6E20C2031E00C3FEF9 /* Frameworks */,
				ECD28D6F20C2031E00C3FEF9 /* Resources */,
			);
			buildRules = (
			);
			dependencies = (
				ECD28D7320C2031E00C3FEF9 /* PBXTargetDependency */,
			);
			name = OpenWeatherAppTests;
			productName = OpenWeatherAppTests;
			productReference = ECD28D7120C2031E00C3FEF9 /* OpenWeatherAppTests.xctest */;
			productType = "com.apple.product-type.bundle.unit-test";
		};
		ECD28D7B20C2031E00C3FEF9 /* OpenWeatherAppUITests */ = {
			isa = PBXNativeTarget;
			buildConfigurationList = ECD28D8B20C2031E00C3FEF9 /* Build configuration list for PBXNativeTarget "OpenWeatherAppUITests" */;
			buildPhases = (
				ECD28D7820C2031E00C3FEF9 /* Sources */,
				ECD28D7920C2031E00C3FEF9 /* Frameworks */,
				ECD28D7A20C2031E00C3FEF9 /* Resources */,
			);
			buildRules = (
			);
			dependencies = (
				ECD28D7E20C2031E00C3FEF9 /* PBXTargetDependency */,
			);
			name = OpenWeatherAppUITests;
			productName = OpenWeatherAppUITests;
			productReference = ECD28D7C20C2031E00C3FEF9 /* OpenWeatherAppUITests.xctest */;
			productType = "com.apple.product-type.bundle.ui-testing";
		};
/* End PBXNativeTarget section */

/* Begin PBXProject section */
		ECD28D5520C2031E00C3FEF9 /* Project object */ = {
			isa = PBXProject;
			attributes = {
				LastSwiftUpdateCheck = 0920;
				LastUpgradeCheck = 0920;
				ORGANIZATIONNAME = OpenWeatherApp;
				TargetAttributes = {
					ECD28D5C20C2031E00C3FEF9 = {
						CreatedOnToolsVersion = 9.2;
						ProvisioningStyle = Automatic;
					};
					ECD28D7020C2031E00C3FEF9 = {
						CreatedOnToolsVersion = 9.2;
						ProvisioningStyle = Automatic;
						TestTargetID = ECD28D5C20C2031E00C3FEF9;
					};
					ECD28D7B20C2031E00C3FEF9 = {
						CreatedOnToolsVersion = 9.2;
						ProvisioningStyle = Automatic;
						TestTargetID = ECD28D5C20C2031E00C3FEF9;
					};
				};
			};
			buildConfigurationList = ECD28D5820C2031E00C3FEF9 /* Build configuration list for PBXProject "OpenWeatherApp" */;
			compatibilityVersion = "Xcode 8.0";
			developmentRegion = en;
			hasScannedForEncodings = 0;
			knownRegions = (
				en,
				Base,
			);
			mainGroup = ECD28D5420C2031E00C3FEF9;
			productRefGroup = ECD28D5E20C2031E00C3FEF9 /* Products */;
			projectDirPath = "";
			projectRoot = "";
			targets = (
				ECD28D5C20C2031E00C3FEF9 /* OpenWeatherApp */,
				ECD28D7020C2031E00C3FEF9 /* OpenWeatherAppTests */,
				ECD28D7B20C2031E00C3FEF9 /* OpenWeatherAppUITests */,
			);
		};
/* End PBXProject section */

/* Begin PBXResourcesBuildPhase section */
		ECD28D5B20C2031E00C3FEF9 /* Resources */ = {
			isa = PBXResourcesBuildPhase;
			buildActionMask = 2147483647;
			files = (
				ECD28D6B20C2031E00C3FEF9 /* LaunchScreen.storyboard in Resources */,
				ECD28D6820C2031E00C3FEF9 /* Assets.xcassets in Resources */,
				ECD28D6620C2031E00C3FEF9 /* Main.storyboard in Resources */,
			);
			runOnlyForDeploymentPostprocessing = 0;
		};
		ECD28D6F20C2031E00C3FEF9 /* Resources */ = {
			isa = PBXResourcesBuildPhase;
			buildActionMask = 2147483647;
			files = (
			);
			runOnlyForDeploymentPostprocessing = 0;
		};
		ECD28D7A20C2031E00C3FEF9 /* Resources */ = {
			isa = PBXResourcesBuildPhase;
			buildActionMask = 2147483647;
			files = (
			);
			runOnlyForDeploymentPostprocessing = 0;
		};
/* End PBXResourcesBuildPhase section */

/* Begin PBXSourcesBuildPhase section */
		ECD28D5920C2031E00C3FEF9 /* Sources */ = {
			isa = PBXSourcesBuildPhase;
			buildActionMask = 2147483647;
			files = (
				ECD28D6320C2031E00C3FEF9 /* ViewController.swift in Sources */,
				ECD28D9720C4A9A900C3FEF9 /* Wind.swift in Sources */,
				ECD28D9320C49FE400C3FEF9 /* Weather.swift in Sources */,
				ECD28D9520C4A90400C3FEF9 /* Temperature.swift in Sources */,
				ECD28D6120C2031E00C3FEF9 /* AppDelegate.swift in Sources */,
			);
			runOnlyForDeploymentPostprocessing = 0;
		};
		ECD28D6D20C2031E00C3FEF9 /* Sources */ = {
			isa = PBXSourcesBuildPhase;
			buildActionMask = 2147483647;
			files = (
				ECD28D7620C2031E00C3FEF9 /* OpenWeatherAppTests.swift in Sources */,
			);
			runOnlyForDeploymentPostprocessing = 0;
		};
		ECD28D7820C2031E00C3FEF9 /* Sources */ = {
			isa = PBXSourcesBuildPhase;
			buildActionMask = 2147483647;
			files = (
				ECD28D8120C2031E00C3FEF9 /* OpenWeatherAppUITests.swift in Sources */,
			);
			runOnlyForDeploymentPostprocessing = 0;
		};
/* End PBXSourcesBuildPhase section */

/* Begin PBXTargetDependency section */
		ECD28D7320C2031E00C3FEF9 /* PBXTargetDependency */ = {
			isa = PBXTargetDependency;
			target = ECD28D5C20C2031E00C3FEF9 /* OpenWeatherApp */;
			targetProxy = ECD28D7220C2031E00C3FEF9 /* PBXContainerItemProxy */;
		};
		ECD28D7E20C2031E00C3FEF9 /* PBXTargetDependency */ = {
			isa = PBXTargetDependency;
			target = ECD28D5C20C2031E00C3FEF9 /* OpenWeatherApp */;
			targetProxy = ECD28D7D20C2031E00C3FEF9 /* PBXContainerItemProxy */;
		};
/* End PBXTargetDependency section */

/* Begin PBXVariantGroup section */
		ECD28D6420C2031E00C3FEF9 /* Main.storyboard */ = {
			isa = PBXVariantGroup;
			children = (
				ECD28D6520C2031E00C3FEF9 /* Base */,
			);
			name = Main.storyboard;
			sourceTree = "<group>";
		};
		ECD28D6920C2031E00C3FEF9 /* LaunchScreen.storyboard */ = {
			isa = PBXVariantGroup;
			children = (
				ECD28D6A20C2031E00C3FEF9 /* Base */,
			);
			name = LaunchScreen.storyboard;
			sourceTree = "<group>";
		};
/* End PBXVariantGroup section */

/* Begin XCBuildConfiguration section */
		ECD28D8320C2031E00C3FEF9 /* Debug */ = {
			isa = XCBuildConfiguration;
			buildSettings = {
				ALWAYS_SEARCH_USER_PATHS = NO;
				CLANG_ANALYZER_NONNULL = YES;
				CLANG_ANALYZER_NUMBER_OBJECT_CONVERSION = YES_AGGRESSIVE;
				CLANG_CXX_LANGUAGE_STANDARD = "gnu++14";
				CLANG_CXX_LIBRARY = "libc++";
				CLANG_ENABLE_MODULES = YES;
				CLANG_ENABLE_OBJC_ARC = YES;
				CLANG_WARN_BLOCK_CAPTURE_AUTORELEASING = YES;
				CLANG_WARN_BOOL_CONVERSION = YES;
				CLANG_WARN_COMMA = YES;
				CLANG_WARN_CONSTANT_CONVERSION = YES;
				CLANG_WARN_DIRECT_OBJC_ISA_USAGE = YES_ERROR;
				CLANG_WARN_DOCUMENTATION_COMMENTS = YES;
				CLANG_WARN_EMPTY_BODY = YES;
				CLANG_WARN_ENUM_CONVERSION = YES;
				CLANG_WARN_INFINITE_RECURSION = YES;
				CLANG_WARN_INT_CONVERSION = YES;
				CLANG_WARN_NON_LITERAL_NULL_CONVERSION = YES;
				CLANG_WARN_OBJC_LITERAL_CONVERSION = YES;
				CLANG_WARN_OBJC_ROOT_CLASS = YES_ERROR;
				CLANG_WARN_RANGE_LOOP_ANALYSIS = YES;
				CLANG_WARN_STRICT_PROTOTYPES = YES;
				CLANG_WARN_SUSPICIOUS_MOVE = YES;
				CLANG_WARN_UNGUARDED_AVAILABILITY = YES_AGGRESSIVE;
				CLANG_WARN_UNREACHABLE_CODE = YES;
				CLANG_WARN__DUPLICATE_METHOD_MATCH = YES;
				CODE_SIGN_IDENTITY = "iPhone Developer";
				COPY_PHASE_STRIP = NO;
				DEBUG_INFORMATION_FORMAT = dwarf;
				ENABLE_STRICT_OBJC_MSGSEND = YES;
				ENABLE_TESTABILITY = YES;
				GCC_C_LANGUAGE_STANDARD = gnu11;
				GCC_DYNAMIC_NO_PIC = NO;
				GCC_NO_COMMON_BLOCKS = YES;
				GCC_OPTIMIZATION_LEVEL = 0;
				GCC_PREPROCESSOR_DEFINITIONS = (
					"DEBUG=1",
					"$(inherited)",
				);
				GCC_WARN_64_TO_32_BIT_CONVERSION = YES;
				GCC_WARN_ABOUT_RETURN_TYPE = YES_ERROR;
				GCC_WARN_UNDECLARED_SELECTOR = YES;
				GCC_WARN_UNINITIALIZED_AUTOS = YES_AGGRESSIVE;
				GCC_WARN_UNUSED_FUNCTION = YES;
				GCC_WARN_UNUSED_VARIABLE = YES;
				IPHONEOS_DEPLOYMENT_TARGET = 11.2;
				MTL_ENABLE_DEBUG_INFO = YES;
				ONLY_ACTIVE_ARCH = YES;
				SDKROOT = iphoneos;
				SWIFT_ACTIVE_COMPILATION_CONDITIONS = DEBUG;
				SWIFT_OPTIMIZATION_LEVEL = "-Onone";
			};
			name = Debug;
		};
		ECD28D8420C2031E00C3FEF9 /* Release */ = {
			isa = XCBuildConfiguration;
			buildSettings = {
				ALWAYS_SEARCH_USER_PATHS = NO;
				CLANG_ANALYZER_NONNULL = YES;
				CLANG_ANALYZER_NUMBER_OBJECT_CONVERSION = YES_AGGRESSIVE;
				CLANG_CXX_LANGUAGE_STANDARD = "gnu++14";
				CLANG_CXX_LIBRARY = "libc++";
				CLANG_ENABLE_MODULES = YES;
				CLANG_ENABLE_OBJC_ARC = YES;
				CLANG_WARN_BLOCK_CAPTURE_AUTORELEASING = YES;
				CLANG_WARN_BOOL_CONVERSION = YES;
				CLANG_WARN_COMMA = YES;
				CLANG_WARN_CONSTANT_CONVERSION = YES;
				CLANG_WARN_DIRECT_OBJC_ISA_USAGE = YES_ERROR;
				CLANG_WARN_DOCUMENTATION_COMMENTS = YES;
				CLANG_WARN_EMPTY_BODY = YES;
				CLANG_WARN_ENUM_CONVERSION = YES;
				CLANG_WARN_INFINITE_RECURSION = YES;
				CLANG_WARN_INT_CONVERSION = YES;
				CLANG_WARN_NON_LITERAL_NULL_CONVERSION = YES;
				CLANG_WARN_OBJC_LITERAL_CONVERSION = YES;
				CLANG_WARN_OBJC_ROOT_CLASS = YES_ERROR;
				CLANG_WARN_RANGE_LOOP_ANALYSIS = YES;
				CLANG_WARN_STRICT_PROTOTYPES = YES;
				CLANG_WARN_SUSPICIOUS_MOVE = YES;
				CLANG_WARN_UNGUARDED_AVAILABILITY = YES_AGGRESSIVE;
				CLANG_WARN_UNREACHABLE_CODE = YES;
				CLANG_WARN__DUPLICATE_METHOD_MATCH = YES;
				CODE_SIGN_IDENTITY = "iPhone Developer";
				COPY_PHASE_STRIP = NO;
				DEBUG_INFORMATION_FORMAT = "dwarf-with-dsym";
				ENABLE_NS_ASSERTIONS = NO;
				ENABLE_STRICT_OBJC_MSGSEND = YES;
				GCC_C_LANGUAGE_STANDARD = gnu11;
				GCC_NO_COMMON_BLOCKS = YES;
				GCC_WARN_64_TO_32_BIT_CONVERSION = YES;
				GCC_WARN_ABOUT_RETURN_TYPE = YES_ERROR;
				GCC_WARN_UNDECLARED_SELECTOR = YES;
				GCC_WARN_UNINITIALIZED_AUTOS = YES_AGGRESSIVE;
				GCC_WARN_UNUSED_FUNCTION = YES;
				GCC_WARN_UNUSED_VARIABLE = YES;
				IPHONEOS_DEPLOYMENT_TARGET = 11.2;
				MTL_ENABLE_DEBUG_INFO = NO;
				SDKROOT = iphoneos;
				SWIFT_OPTIMIZATION_LEVEL = "-Owholemodule";
				VALIDATE_PRODUCT = YES;
			};
			name = Release;
		};
		ECD28D8620C2031E00C3FEF9 /* Debug */ = {
			isa = XCBuildConfiguration;
			buildSettings = {
				ASSETCATALOG_COMPILER_APPICON_NAME = AppIcon;
				CODE_SIGN_STYLE = Automatic;
				DEVELOPMENT_TEAM = A7EQ3TMW9S;
				INFOPLIST_FILE = OpenWeatherApp/Info.plist;
				LD_RUNPATH_SEARCH_PATHS = "$(inherited) @executable_path/Frameworks";
				PRODUCT_BUNDLE_IDENTIFIER = com.JA.OpenWeatherApp;
				PRODUCT_NAME = "$(TARGET_NAME)";
				SWIFT_VERSION = 4.0;
				TARGETED_DEVICE_FAMILY = "1,2";
			};
			name = Debug;
		};
		ECD28D8720C2031E00C3FEF9 /* Release */ = {
			isa = XCBuildConfiguration;
			buildSettings = {
				ASSETCATALOG_COMPILER_APPICON_NAME = AppIcon;
				CODE_SIGN_STYLE = Automatic;
				DEVELOPMENT_TEAM = A7EQ3TMW9S;
				INFOPLIST_FILE = OpenWeatherApp/Info.plist;
				LD_RUNPATH_SEARCH_PATHS = "$(inherited) @executable_path/Frameworks";
				PRODUCT_BUNDLE_IDENTIFIER = com.JA.OpenWeatherApp;
				PRODUCT_NAME = "$(TARGET_NAME)";
				SWIFT_VERSION = 4.0;
				TARGETED_DEVICE_FAMILY = "1,2";
			};
			name = Release;
		};
		ECD28D8920C2031E00C3FEF9 /* Debug */ = {
			isa = XCBuildConfiguration;
			buildSettings = {
				ALWAYS_EMBED_SWIFT_STANDARD_LIBRARIES = YES;
				BUNDLE_LOADER = "$(TEST_HOST)";
				CODE_SIGN_STYLE = Automatic;
				DEVELOPMENT_TEAM = A7EQ3TMW9S;
				INFOPLIST_FILE = OpenWeatherAppTests/Info.plist;
				LD_RUNPATH_SEARCH_PATHS = "$(inherited) @executable_path/Frameworks @loader_path/Frameworks";
				PRODUCT_BUNDLE_IDENTIFIER = com.JA.OpenWeatherAppTests;
				PRODUCT_NAME = "$(TARGET_NAME)";
				SWIFT_VERSION = 4.0;
				TARGETED_DEVICE_FAMILY = "1,2";
				TEST_HOST = "$(BUILT_PRODUCTS_DIR)/OpenWeatherApp.app/OpenWeatherApp";
			};
			name = Debug;
		};
		ECD28D8A20C2031E00C3FEF9 /* Release */ = {
			isa = XCBuildConfiguration;
			buildSettings = {
				ALWAYS_EMBED_SWIFT_STANDARD_LIBRARIES = YES;
				BUNDLE_LOADER = "$(TEST_HOST)";
				CODE_SIGN_STYLE = Automatic;
				DEVELOPMENT_TEAM = A7EQ3TMW9S;
				INFOPLIST_FILE = OpenWeatherAppTests/Info.plist;
				LD_RUNPATH_SEARCH_PATHS = "$(inherited) @executable_path/Frameworks @loader_path/Frameworks";
				PRODUCT_BUNDLE_IDENTIFIER = com.JA.OpenWeatherAppTests;
				PRODUCT_NAME = "$(TARGET_NAME)";
				SWIFT_VERSION = 4.0;
				TARGETED_DEVICE_FAMILY = "1,2";
				TEST_HOST = "$(BUILT_PRODUCTS_DIR)/OpenWeatherApp.app/OpenWeatherApp";
			};
			name = Release;
		};
		ECD28D8C20C2031E00C3FEF9 /* Debug */ = {
			isa = XCBuildConfiguration;
			buildSettings = {
				ALWAYS_EMBED_SWIFT_STANDARD_LIBRARIES = YES;
				CODE_SIGN_STYLE = Automatic;
				DEVELOPMENT_TEAM = A7EQ3TMW9S;
				INFOPLIST_FILE = OpenWeatherAppUITests/Info.plist;
				LD_RUNPATH_SEARCH_PATHS = "$(inherited) @executable_path/Frameworks @loader_path/Frameworks";
				PRODUCT_BUNDLE_IDENTIFIER = com.JA.OpenWeatherAppUITests;
				PRODUCT_NAME = "$(TARGET_NAME)";
				SWIFT_VERSION = 4.0;
				TARGETED_DEVICE_FAMILY = "1,2";
				TEST_TARGET_NAME = OpenWeatherApp;
			};
			name = Debug;
		};
		ECD28D8D20C2031E00C3FEF9 /* Release */ = {
			isa = XCBuildConfiguration;
			buildSettings = {
				ALWAYS_EMBED_SWIFT_STANDARD_LIBRARIES = YES;
				CODE_SIGN_STYLE = Automatic;
				DEVELOPMENT_TEAM = A7EQ3TMW9S;
				INFOPLIST_FILE = OpenWeatherAppUITests/Info.plist;
				LD_RUNPATH_SEARCH_PATHS = "$(inherited) @executable_path/Frameworks @loader_path/Frameworks";
				PRODUCT_BUNDLE_IDENTIFIER = com.JA.OpenWeatherAppUITests;
				PRODUCT_NAME = "$(TARGET_NAME)";
				SWIFT_VERSION = 4.0;
				TARGETED_DEVICE_FAMILY = "1,2";
				TEST_TARGET_NAME = OpenWeatherApp;
			};
			name = Release;
		};
/* End XCBuildConfiguration section */

/* Begin XCConfigurationList section */
		ECD28D5820C2031E00C3FEF9 /* Build configuration list for PBXProject "OpenWeatherApp" */ = {
			isa = XCConfigurationList;
			buildConfigurations = (
				ECD28D8320C2031E00C3FEF9 /* Debug */,
				ECD28D8420C2031E00C3FEF9 /* Release */,
			);
			defaultConfigurationIsVisible = 0;
			defaultConfigurationName = Release;
		};
		ECD28D8520C2031E00C3FEF9 /* Build configuration list for PBXNativeTarget "OpenWeatherApp" */ = {
			isa = XCConfigurationList;
			buildConfigurations = (
				ECD28D8620C2031E00C3FEF9 /* Debug */,
				ECD28D8720C2031E00C3FEF9 /* Release */,
			);
			defaultConfigurationIsVisible = 0;
			defaultConfigurationName = Release;
		};
		ECD28D8820C2031E00C3FEF9 /* Build configuration list for PBXNativeTarget "OpenWeatherAppTests" */ = {
			isa = XCConfigurationList;
			buildConfigurations = (
				ECD28D8920C2031E00C3FEF9 /* Debug */,
				ECD28D8A20C2031E00C3FEF9 /* Release */,
			);
			defaultConfigurationIsVisible = 0;
			defaultConfigurationName = Release;
		};
		ECD28D8B20C2031E00C3FEF9 /* Build configuration list for PBXNativeTarget "OpenWeatherAppUITests" */ = {
			isa = XCConfigurationList;
			buildConfigurations = (
				ECD28D8C20C2031E00C3FEF9 /* Debug */,
				ECD28D8D20C2031E00C3FEF9 /* Release */,
			);
			defaultConfigurationIsVisible = 0;
			defaultConfigurationName = Release;
		};
/* End XCConfigurationList section */
	};
	rootObject = ECD28D5520C2031E00C3FEF9 /* Project object */;
}
